# Generated by pub
# See https://dart.dev/tools/pub/glossary#lockfile
packages:
  archive:
    dependency: transitive
    description:
      name: archive
      sha256: "0c8368c9b3f0abbc193b9d6133649a614204b528982bebc7026372d61677ce3a"
      url: "https://pub.dev"
    source: hosted
    version: "3.3.7"
  args:
    dependency: transitive
    description:
      name: args
      sha256: eef6c46b622e0494a36c5a12d10d77fb4e855501a91c1b9ef9339326e58f0596
      url: "https://pub.dev"
    source: hosted
    version: "2.4.2"
  async:
    dependency: transitive
    description:
      name: async
      sha256: "947bfcf187f74dbc5e146c9eb9c0f10c9f8b30743e341481c1e2ed3ecc18c20c"
      url: "https://pub.dev"
    source: hosted
    version: "2.11.0"
  audioplayers:
    dependency: "direct dev"
    description:
      name: audioplayers
      sha256: cb7d3a5bbe5eb7a1bdb405f5ff0d0f8fe9e8527ff31c8c872ccd06b2d3c91a84
      url: "https://pub.dev"
    source: hosted
    version: "2.0.0"
  audioplayers_android:
    dependency: transitive
    description:
      name: audioplayers_android
      sha256: "5bf6b30f45c59297909efd107a42d270a2087291e05a46433ad523c88210eec5"
      url: "https://pub.dev"
    source: hosted
    version: "1.1.4"
  audioplayers_darwin:
    dependency: transitive
    description:
      name: audioplayers_darwin
      sha256: "133c01aec9341e0eec8ff17dca7cb375b40193e4cf80aa70b39dcdf1d5fa6137"
      url: "https://pub.dev"
    source: hosted
    version: "2.0.0"
  audioplayers_linux:
    dependency: transitive
    description:
      name: audioplayers_linux
      sha256: c661499b1bca540afad261ede1cab20222061610ad82488388746690262a8ed3
      url: "https://pub.dev"
    source: hosted
    version: "1.0.3"
  audioplayers_platform_interface:
    dependency: transitive
    description:
      name: audioplayers_platform_interface
      sha256: c8c8ed4258b35e8b3cdceced460a9165eb2f3bfb13902aa6ad43e1800d872075
      url: "https://pub.dev"
    source: hosted
    version: "3.0.0"
  audioplayers_web:
    dependency: transitive
    description:
      name: audioplayers_web
      sha256: "3f02d6d3d142d0a694a648bfe6d9c95e427b0a82771fea0f7c22e952fbb35689"
      url: "https://pub.dev"
    source: hosted
    version: "2.1.1"
  audioplayers_windows:
    dependency: transitive
    description:
      name: audioplayers_windows
      sha256: b32dc8b52e75a5bc2582d7399cfb77ee04a476d25313deb8ede348021398024a
      url: "https://pub.dev"
    source: hosted
    version: "1.1.2"
  auto_updater:
    dependency: "direct dev"
    description:
      name: auto_updater
      sha256: "73a651d2318c29a1093d1eafd48b3552eef08ae2fefbd178ce952d5d3bcb942e"
      url: "https://pub.dev"
    source: hosted
    version: "0.1.7"
  boolean_selector:
    dependency: transitive
    description:
      name: boolean_selector
      sha256: "6cfb5af12253eaf2b368f07bacc5a80d1301a071c73360d746b7f2e32d762c66"
      url: "https://pub.dev"
    source: hosted
    version: "2.1.1"
  characters:
    dependency: transitive
    description:
      name: characters
      sha256: "04a925763edad70e8443c99234dc3328f442e811f1d8fd1a72f1c8ad0f69a605"
      url: "https://pub.dev"
    source: hosted
    version: "1.3.0"
  cli_util:
    dependency: transitive
    description:
      name: cli_util
      sha256: b8db3080e59b2503ca9e7922c3df2072cf13992354d5e944074ffa836fba43b7
      url: "https://pub.dev"
    source: hosted
    version: "0.4.0"
  clock:
    dependency: transitive
    description:
      name: clock
      sha256: cb6d7f03e1de671e34607e909a7213e31d7752be4fb66a86d29fe1eb14bfb5cf
      url: "https://pub.dev"
    source: hosted
    version: "1.1.1"
  collection:
    dependency: transitive
    description:
      name: collection
      sha256: f092b211a4319e98e5ff58223576de6c2803db36221657b46c82574721240687
      url: "https://pub.dev"
    source: hosted
    version: "1.17.2"
  console:
    dependency: transitive
    description:
      name: console
      sha256: e04e7824384c5b39389acdd6dc7d33f3efe6b232f6f16d7626f194f6a01ad69a
      url: "https://pub.dev"
    source: hosted
    version: "4.1.0"
  convert:
    dependency: transitive
    description:
      name: convert
      sha256: "0f08b14755d163f6e2134cb58222dd25ea2a2ee8a195e53983d57c075324d592"
      url: "https://pub.dev"
    source: hosted
    version: "3.1.1"
  crypto:
    dependency: transitive
    description:
      name: crypto
      sha256: aa274aa7774f8964e4f4f38cc994db7b6158dd36e9187aaceaddc994b35c6c67
      url: "https://pub.dev"
    source: hosted
    version: "3.0.2"
  cupertino_icons:
    dependency: "direct main"
    description:
      name: cupertino_icons
      sha256: e35129dc44c9118cee2a5603506d823bab99c68393879edb440e0090d07586be
      url: "https://pub.dev"
    source: hosted
    version: "1.0.5"
  day_night_time_picker:
    dependency: "direct dev"
    description:
      name: day_night_time_picker
      sha256: d0852338eaa76d16517634e6717c637ebc58df783fa253b58011e32bbb64a94d
      url: "https://pub.dev"
    source: hosted
    version: "1.1.3"
  fake_async:
    dependency: transitive
    description:
      name: fake_async
      sha256: "511392330127add0b769b75a987850d136345d9227c6b94c96a04cf4a391bf78"
      url: "https://pub.dev"
    source: hosted
    version: "1.3.1"
  ffi:
    dependency: transitive
    description:
      name: ffi
      sha256: a38574032c5f1dd06c4aee541789906c12ccaab8ba01446e800d9c5b79c4a978
      url: "https://pub.dev"
    source: hosted
    version: "2.0.1"
  file:
    dependency: transitive
    description:
      name: file
      sha256: "1b92bec4fc2a72f59a8e15af5f52cd441e4a7860b49499d69dfa817af20e925d"
      url: "https://pub.dev"
    source: hosted
    version: "6.1.4"
  file_picker:
    dependency: "direct main"
    description:
      name: file_picker
      sha256: d090ae03df98b0247b82e5928f44d1b959867049d18d73635e2e0bc3f49542b9
      url: "https://pub.dev"
    source: hosted
    version: "5.2.5"
  flutter:
    dependency: "direct main"
    description: flutter
    source: sdk
    version: "0.0.0"
  flutter_lints:
    dependency: "direct dev"
    description:
      name: flutter_lints
      sha256: aeb0b80a8b3709709c9cc496cdc027c5b3216796bc0af0ce1007eaf24464fd4c
      url: "https://pub.dev"
    source: hosted
    version: "2.0.1"
  flutter_plugin_android_lifecycle:
    dependency: transitive
    description:
      name: flutter_plugin_android_lifecycle
      sha256: "60fc7b78455b94e6de2333d2f95196d32cf5c22f4b0b0520a628804cb463503b"
      url: "https://pub.dev"
    source: hosted
    version: "2.0.7"
  flutter_spinkit:
    dependency: "direct dev"
    description:
      name: flutter_spinkit
      sha256: b39c753e909d4796906c5696a14daf33639a76e017136c8d82bf3e620ce5bb8e
      url: "https://pub.dev"
    source: hosted
    version: "5.2.0"
  flutter_test:
    dependency: "direct dev"
    description: flutter
    source: sdk
    version: "0.0.0"
  flutter_update_dialog:
    dependency: "direct dev"
    description:
      name: flutter_update_dialog
      sha256: c443c0970d7a974d16ef38cffaa571e4b47f266e7d0fecadab2c839605960516
      url: "https://pub.dev"
    source: hosted
    version: "2.0.0"
  flutter_web_plugins:
    dependency: transitive
    description: flutter
    source: sdk
    version: "0.0.0"
  get:
    dependency: "direct dev"
    description:
      name: get
      sha256: "2ba20a47c8f1f233bed775ba2dd0d3ac97b4cf32fc17731b3dfc672b06b0e92a"
      url: "https://pub.dev"
    source: hosted
    version: "4.6.5"
  get_it:
    dependency: transitive
    description:
      name: get_it
      sha256: "529de303c739fca98cd7ece5fca500d8ff89649f1bb4b4e94fb20954abcd7468"
      url: "https://pub.dev"
    source: hosted
    version: "7.6.0"
  http:
    dependency: "direct dev"
    description:
      name: http
      sha256: "6aa2946395183537c8b880962d935877325d6a09a2867c3970c05c0fed6ac482"
      url: "https://pub.dev"
    source: hosted
    version: "0.13.5"
  http_parser:
    dependency: transitive
    description:
      name: http_parser
      sha256: "2aa08ce0341cc9b354a498388e30986515406668dbcc4f7c950c3e715496693b"
      url: "https://pub.dev"
    source: hosted
    version: "4.0.2"
  image:
    dependency: transitive
    description:
      name: image
      sha256: a72242c9a0ffb65d03de1b7113bc4e189686fc07c7147b8b41811d0dd0e0d9bf
      url: "https://pub.dev"
    source: hosted
    version: "4.0.17"
  intl:
    dependency: "direct main"
    description:
      name: intl
      sha256: a3715e3bc90294e971cb7dc063fbf3cd9ee0ebf8604ffeafabd9e6f16abbdbe6
      url: "https://pub.dev"
    source: hosted
    version: "0.18.0"
  jinja:
    dependency: transitive
    description:
      name: jinja
      sha256: "8f70eb6ab6785b603ec38c6a624d3875d7b3eb3f5f6f6af7ab7331e7a8fabbb6"
      url: "https://pub.dev"
    source: hosted
    version: "0.3.4"
  js:
    dependency: transitive
    description:
      name: js
      sha256: f2c445dce49627136094980615a031419f7f3eb393237e4ecd97ac15dea343f3
      url: "https://pub.dev"
    source: hosted
    version: "0.6.7"
  lints:
    dependency: transitive
    description:
      name: lints
      sha256: "5e4a9cd06d447758280a8ac2405101e0e2094d2a1dbdd3756aec3fe7775ba593"
      url: "https://pub.dev"
    source: hosted
    version: "2.0.1"
  matcher:
    dependency: transitive
    description:
      name: matcher
      sha256: "1803e76e6653768d64ed8ff2e1e67bea3ad4b923eb5c56a295c3e634bad5960e"
      url: "https://pub.dev"
    source: hosted
    version: "0.12.16"
  material_color_utilities:
    dependency: transitive
    description:
      name: material_color_utilities
      sha256: "9528f2f296073ff54cb9fee677df673ace1218163c3bc7628093e7eed5203d41"
      url: "https://pub.dev"
    source: hosted
    version: "0.5.0"
  meta:
    dependency: transitive
    description:
      name: meta
      sha256: "3c74dbf8763d36539f114c799d8a2d87343b5067e9d796ca22b5eb8437090ee3"
      url: "https://pub.dev"
    source: hosted
    version: "1.9.1"
  msix:
    dependency: "direct dev"
    description:
      name: msix
      sha256: "927c207656dc92eaf3d005c734d259c4ede440052a7281f9e1cc8966ffdbf1c7"
      url: "https://pub.dev"
    source: hosted
    version: "3.16.0"
  nested:
    dependency: transitive
    description:
      name: nested
      sha256: "03bac4c528c64c95c722ec99280375a6f2fc708eec17c7b3f07253b626cd2a20"
      url: "https://pub.dev"
    source: hosted
    version: "1.0.0"
  package_config:
    dependency: transitive
    description:
      name: package_config
      sha256: "1c5b77ccc91e4823a5af61ee74e6b972db1ef98c2ff5a18d3161c982a55448bd"
      url: "https://pub.dev"
    source: hosted
    version: "2.1.0"
  path:
    dependency: transitive
    description:
      name: path
      sha256: "8829d8a55c13fc0e37127c29fedf290c102f4e40ae94ada574091fe0ff96c917"
      url: "https://pub.dev"
    source: hosted
    version: "1.8.3"
  path_provider:
    dependency: "direct dev"
    description:
      name: path_provider
      sha256: dcea5feb97d8abf90cab9e9030b497fb7c3cbf26b7a1fe9e3ef7dcb0a1ddec95
      url: "https://pub.dev"
    source: hosted
    version: "2.0.12"
  path_provider_android:
    dependency: transitive
    description:
      name: path_provider_android
      sha256: a776c088d671b27f6e3aa8881d64b87b3e80201c64e8869b811325de7a76c15e
      url: "https://pub.dev"
    source: hosted
    version: "2.0.22"
  path_provider_foundation:
    dependency: transitive
    description:
      name: path_provider_foundation
      sha256: "62a68e7e1c6c459f9289859e2fae58290c981ce21d1697faf54910fe1faa4c74"
      url: "https://pub.dev"
    source: hosted
    version: "2.1.1"
  path_provider_linux:
    dependency: transitive
    description:
      name: path_provider_linux
      sha256: ab0987bf95bc591da42dffb38c77398fc43309f0b9b894dcc5d6f40c4b26c379
      url: "https://pub.dev"
    source: hosted
    version: "2.1.7"
  path_provider_platform_interface:
    dependency: transitive
    description:
      name: path_provider_platform_interface
      sha256: f0abc8ebd7253741f05488b4813d936b4d07c6bae3e86148a09e342ee4b08e76
      url: "https://pub.dev"
    source: hosted
    version: "2.0.5"
  path_provider_windows:
    dependency: transitive
    description:
      name: path_provider_windows
      sha256: bcabbe399d4042b8ee687e17548d5d3f527255253b4a639f5f8d2094a9c2b45c
      url: "https://pub.dev"
    source: hosted
    version: "2.1.3"
  petitparser:
    dependency: transitive
    description:
      name: petitparser
      sha256: cb3798bef7fc021ac45b308f4b51208a152792445cce0448c9a4ba5879dd8750
      url: "https://pub.dev"
    source: hosted
    version: "5.4.0"
  photo_view:
    dependency: "direct dev"
    description:
      name: photo_view
      sha256: "8036802a00bae2a78fc197af8a158e3e2f7b500561ed23b4c458107685e645bb"
      url: "https://pub.dev"
    source: hosted
    version: "0.14.0"
  platform:
    dependency: transitive
    description:
      name: platform
      sha256: "4a451831508d7d6ca779f7ac6e212b4023dd5a7d08a27a63da33756410e32b76"
      url: "https://pub.dev"
    source: hosted
    version: "3.1.0"
  plugin_platform_interface:
    dependency: transitive
    description:
      name: plugin_platform_interface
      sha256: dbf0f707c78beedc9200146ad3cb0ab4d5da13c246336987be6940f026500d3a
      url: "https://pub.dev"
    source: hosted
    version: "2.1.3"
  pointycastle:
    dependency: transitive
    description:
      name: pointycastle
      sha256: "7c1e5f0d23c9016c5bbd8b1473d0d3fb3fc851b876046039509e18e0c7485f2c"
      url: "https://pub.dev"
    source: hosted
    version: "3.7.3"
  process:
    dependency: transitive
    description:
      name: process
      sha256: "53fd8db9cec1d37b0574e12f07520d582019cb6c44abf5479a01505099a34a09"
      url: "https://pub.dev"
    source: hosted
    version: "4.2.4"
  provider:
    dependency: "direct dev"
    description:
      name: provider
      sha256: cdbe7530b12ecd9eb455bdaa2fcb8d4dad22e80b8afb4798b41479d5ce26847f
      url: "https://pub.dev"
    source: hosted
    version: "6.0.5"
  pub_semver:
    dependency: transitive
    description:
      name: pub_semver
      sha256: "40d3ab1bbd474c4c2328c91e3a7df8c6dd629b79ece4c4bd04bee496a224fb0c"
      url: "https://pub.dev"
    source: hosted
    version: "2.1.4"
  simple_gesture_detector:
    dependency: transitive
    description:
      name: simple_gesture_detector
      sha256: "86d08f85f1f58583b7b4b941d989f48ea6ce08c1724a1d10954a277c2ec36592"
      url: "https://pub.dev"
    source: hosted
    version: "0.2.0"
  sky_engine:
    dependency: transitive
    description: flutter
    source: sdk
    version: "0.0.99"
  source_span:
    dependency: transitive
    description:
      name: source_span
      sha256: "53e943d4206a5e30df338fd4c6e7a077e02254531b138a15aec3bd143c1a8b3c"
      url: "https://pub.dev"
    source: hosted
    version: "1.10.0"
  squirrel:
    dependency: "direct dev"
    description:
      name: squirrel
      sha256: "7b762a569a31afcd36d329775b08a8ffeb826ffa8bb0f221679f4a5f0ca2e82d"
      url: "https://pub.dev"
    source: hosted
    version: "0.2.0"
  stack_trace:
    dependency: transitive
    description:
      name: stack_trace
      sha256: "73713990125a6d93122541237550ee3352a2d84baad52d375a4cad2eb9b7ce0b"
      url: "https://pub.dev"
    source: hosted
    version: "1.11.1"
  stream_channel:
    dependency: transitive
    description:
      name: stream_channel
      sha256: ba2aa5d8cc609d96bbb2899c28934f9e1af5cddbd60a827822ea467161eb54e7
      url: "https://pub.dev"
    source: hosted
    version: "2.1.2"
  string_scanner:
    dependency: transitive
    description:
      name: string_scanner
      sha256: "556692adab6cfa87322a115640c11f13cb77b3f076ddcc5d6ae3c20242bedcde"
      url: "https://pub.dev"
    source: hosted
    version: "1.2.0"
  syncfusion_flutter_core:
    dependency: transitive
    description:
      name: syncfusion_flutter_core
      sha256: "66529f3f102c6501a75811e8d931a1908ad9865ea4d3416c40ac05cf62fdcd44"
      url: "https://pub.dev"
    source: hosted
    version: "20.4.44"
  syncfusion_flutter_datepicker:
    dependency: "direct dev"
    description:
      name: syncfusion_flutter_datepicker
      sha256: "01997283827a8c4cb1a5fb0f3a2e4bce9081717a955a69df528aa046b240dd69"
      url: "https://pub.dev"
    source: hosted
    version: "20.4.44"
  table_calendar:
    dependency: "direct dev"
    description:
      name: table_calendar
      sha256: "1e3521a3e6d3fc7f645a58b135ab663d458ab12504f1ea7f9b4b81d47086c478"
      url: "https://pub.dev"
    source: hosted
    version: "3.0.9"
  term_glyph:
    dependency: transitive
    description:
      name: term_glyph
      sha256: a29248a84fbb7c79282b40b8c72a1209db169a2e0542bce341da992fe1bc7e84
      url: "https://pub.dev"
    source: hosted
    version: "1.2.1"
  test_api:
    dependency: transitive
    description:
      name: test_api
      sha256: "5c2f730018264d276c20e4f1503fd1308dfbbae39ec8ee63c5236311ac06954b"
      url: "https://pub.dev"
    source: hosted
    version: "0.6.1"
  timer_builder:
    dependency: "direct dev"
    description:
      name: timer_builder
      sha256: "67c5653a8d9f6ce62fe9121e520736e9da74418a919fe1c0e181b5d2627dbc4a"
      url: "https://pub.dev"
    source: hosted
    version: "2.0.0"
  typed_data:
    dependency: transitive
    description:
      name: typed_data
      sha256: "26f87ade979c47a150c9eaab93ccd2bebe70a27dc0b4b29517f2904f04eb11a5"
      url: "https://pub.dev"
    source: hosted
    version: "1.3.1"
  url_launcher:
    dependency: "direct main"
    description:
      name: url_launcher
      sha256: "781bd58a1eb16069412365c98597726cd8810ae27435f04b3b4d3a470bacd61e"
      url: "https://pub.dev"
    source: hosted
    version: "6.1.12"
  url_launcher_android:
    dependency: transitive
    description:
      name: url_launcher_android
      sha256: "78cb6dea3e93148615109e58e42c35d1ffbf5ef66c44add673d0ab75f12ff3af"
      url: "https://pub.dev"
    source: hosted
    version: "6.0.37"
  url_launcher_ios:
    dependency: transitive
    description:
      name: url_launcher_ios
      sha256: "9af7ea73259886b92199f9e42c116072f05ff9bea2dcb339ab935dfc957392c2"
      url: "https://pub.dev"
    source: hosted
    version: "6.1.4"
  url_launcher_linux:
    dependency: transitive
    description:
      name: url_launcher_linux
      sha256: "207f4ddda99b95b4d4868320a352d374b0b7e05eefad95a4a26f57da413443f5"
      url: "https://pub.dev"
    source: hosted
    version: "3.0.5"
  url_launcher_macos:
    dependency: transitive
    description:
      name: url_launcher_macos
      sha256: "1c4fdc0bfea61a70792ce97157e5cc17260f61abbe4f39354513f39ec6fd73b1"
      url: "https://pub.dev"
    source: hosted
    version: "3.0.6"
  url_launcher_platform_interface:
    dependency: transitive
    description:
      name: url_launcher_platform_interface
      sha256: bfdfa402f1f3298637d71ca8ecfe840b4696698213d5346e9d12d4ab647ee2ea
      url: "https://pub.dev"
    source: hosted
    version: "2.1.3"
  url_launcher_web:
    dependency: transitive
    description:
      name: url_launcher_web
      sha256: cc26720eefe98c1b71d85f9dc7ef0cada5132617046369d9dc296b3ecaa5cbb4
      url: "https://pub.dev"
    source: hosted
    version: "2.0.18"
  url_launcher_windows:
    dependency: transitive
    description:
      name: url_launcher_windows
      sha256: "7967065dd2b5fccc18c653b97958fdf839c5478c28e767c61ee879f4e7882422"
      url: "https://pub.dev"
    source: hosted
    version: "3.0.7"
  uuid:
    dependency: transitive
    description:
      name: uuid
      sha256: "648e103079f7c64a36dc7d39369cabb358d377078a051d6ae2ad3aa539519313"
      url: "https://pub.dev"
    source: hosted
    version: "3.0.7"
  vector_math:
    dependency: transitive
    description:
      name: vector_math
      sha256: "80b3257d1492ce4d091729e3a67a60407d227c27241d6927be0130c98e741803"
      url: "https://pub.dev"
    source: hosted
    version: "2.1.4"
  web:
    dependency: transitive
    description:
      name: web
      sha256: dc8ccd225a2005c1be616fe02951e2e342092edf968cf0844220383757ef8f10
      url: "https://pub.dev"
    source: hosted
    version: "0.1.4-beta"
  win32:
    dependency: transitive
    description:
      name: win32
      sha256: c9ebe7ee4ab0c2194e65d3a07d8c54c5d00bb001b76081c4a04cdb8448b59e46
      url: "https://pub.dev"
    source: hosted
    version: "3.1.3"
  xdg_directories:
    dependency: transitive
    description:
      name: xdg_directories
      sha256: "11541eedefbcaec9de35aa82650b695297ce668662bbd6e3911a7fabdbde589f"
      url: "https://pub.dev"
    source: hosted
    version: "0.2.0+2"
  xml:
    dependency: transitive
    description:
      name: xml
      sha256: "5bc72e1e45e941d825fd7468b9b4cc3b9327942649aeb6fc5cdbf135f0a86e84"
      url: "https://pub.dev"
    source: hosted
    version: "6.3.0"
  yaml:
    dependency: transitive
    description:
      name: yaml
      sha256: "75769501ea3489fca56601ff33454fe45507ea3bfb014161abc3b43ae25989d5"
      url: "https://pub.dev"
    source: hosted
    version: "3.1.2"
sdks:
  dart: ">=3.1.0-185.0.dev <4.0.0"
  flutter: ">=3.10.0"
